// !$*UTF8*$!
{
	archiveVersion = 1;
	classes = {
	};
	objectVersion = 56;
	objects = {

/* Begin PBXBuildFile section */
		925B2DF42C0E0FF2001E5D5E /* UserDetails+CoreDataClass.swift in Sources */ = {isa = PBXBuildFile; fileRef = 925B2DF32C0E0FF2001E5D5E /* UserDetails+CoreDataClass.swift */; };
		925B2DF62C0E1007001E5D5E /* UserDetails+CoreDataProperties.swift in Sources */ = {isa = PBXBuildFile; fileRef = 925B2DF52C0E1007001E5D5E /* UserDetails+CoreDataProperties.swift */; };
		925B2DF82C0E1A6A001E5D5E /* DatabaseManager.swift in Sources */ = {isa = PBXBuildFile; fileRef = 925B2DF72C0E1A6A001E5D5E /* DatabaseManager.swift */; };
		92C400A22C0DC161004D3180 /* AppDelegate.swift in Sources */ = {isa = PBXBuildFile; fileRef = 92C400A12C0DC161004D3180 /* AppDelegate.swift */; };
		92C400A42C0DC161004D3180 /* SceneDelegate.swift in Sources */ = {isa = PBXBuildFile; fileRef = 92C400A32C0DC161004D3180 /* SceneDelegate.swift */; };
		92C400A62C0DC161004D3180 /* ViewController.swift in Sources */ = {isa = PBXBuildFile; fileRef = 92C400A52C0DC161004D3180 /* ViewController.swift */; };
		92C400A92C0DC161004D3180 /* Base in Resources */ = {isa = PBXBuildFile; fileRef = 92C400A82C0DC161004D3180 /* Base */; };
		92C400AC2C0DC161004D3180 /* GOQii_HydrationApp.xcdatamodeld in Sources */ = {isa = PBXBuildFile; fileRef = 92C400AA2C0DC161004D3180 /* GOQii_HydrationApp.xcdatamodeld */; };
		92C400AE2C0DC163004D3180 /* Assets.xcassets in Resources */ = {isa = PBXBuildFile; fileRef = 92C400AD2C0DC163004D3180 /* Assets.xcassets */; };
		92C400B12C0DC163004D3180 /* Base in Resources */ = {isa = PBXBuildFile; fileRef = 92C400B02C0DC163004D3180 /* Base */; };
		92C400B92C0DC698004D3180 /* CircularProgressBarView.swift in Sources */ = {isa = PBXBuildFile; fileRef = 92C400B82C0DC698004D3180 /* CircularProgressBarView.swift */; };
		92C400BB2C0DC7CC004D3180 /* WaterLevelViewController.swift in Sources */ = {isa = PBXBuildFile; fileRef = 92C400BA2C0DC7CC004D3180 /* WaterLevelViewController.swift */; };
		92C400BD2C0DDB38004D3180 /* SettingViewController.swift in Sources */ = {isa = PBXBuildFile; fileRef = 92C400BC2C0DDB38004D3180 /* SettingViewController.swift */; };
		92C400BF2C0DE46A004D3180 /* WaterWaveView.swift in Sources */ = {isa = PBXBuildFile; fileRef = 92C400BE2C0DE46A004D3180 /* WaterWaveView.swift */; };
		92C400C12C0DE8C7004D3180 /* UIColor+Extention.swift in Sources */ = {isa = PBXBuildFile; fileRef = 92C400C02C0DE8C7004D3180 /* UIColor+Extention.swift */; };
		92C400C32C0DF664004D3180 /* HistoryViewController.swift in Sources */ = {isa = PBXBuildFile; fileRef = 92C400C22C0DF664004D3180 /* HistoryViewController.swift */; };
		92C400C52C0DF6F4004D3180 /* SaveData.swift in Sources */ = {isa = PBXBuildFile; fileRef = 92C400C42C0DF6F4004D3180 /* SaveData.swift */; };
		92C400C82C0DF790004D3180 /* HistoryTableViewCell.swift in Sources */ = {isa = PBXBuildFile; fileRef = 92C400C62C0DF790004D3180 /* HistoryTableViewCell.swift */; };
		92C400C92C0DF790004D3180 /* HistoryTableViewCell.xib in Resources */ = {isa = PBXBuildFile; fileRef = 92C400C72C0DF790004D3180 /* HistoryTableViewCell.xib */; };
/* End PBXBuildFile section */

/* Begin PBXFileReference section */
		925B2DF32C0E0FF2001E5D5E /* UserDetails+CoreDataClass.swift */ = {isa = PBXFileReference; fileEncoding = 4; lastKnownFileType = sourcecode.swift; path = "UserDetails+CoreDataClass.swift"; sourceTree = "<group>"; };
		925B2DF52C0E1007001E5D5E /* UserDetails+CoreDataProperties.swift */ = {isa = PBXFileReference; fileEncoding = 4; lastKnownFileType = sourcecode.swift; path = "UserDetails+CoreDataProperties.swift"; sourceTree = "<group>"; };
		925B2DF72C0E1A6A001E5D5E /* DatabaseManager.swift */ = {isa = PBXFileReference; lastKnownFileType = sourcecode.swift; path = DatabaseManager.swift; sourceTree = "<group>"; };
		92C4009E2C0DC161004D3180 /* GOQii_HydrationApp.app */ = {isa = PBXFileReference; explicitFileType = wrapper.application; includeInIndex = 0; path = GOQii_HydrationApp.app; sourceTree = BUILT_PRODUCTS_DIR; };
		92C400A12C0DC161004D3180 /* AppDelegate.swift */ = {isa = PBXFileReference; lastKnownFileType = sourcecode.swift; path = AppDelegate.swift; sourceTree = "<group>"; };
		92C400A32C0DC161004D3180 /* SceneDelegate.swift */ = {isa = PBXFileReference; lastKnownFileType = sourcecode.swift; path = SceneDelegate.swift; sourceTree = "<group>"; };
		92C400A52C0DC161004D3180 /* ViewController.swift */ = {isa = PBXFileReference; lastKnownFileType = sourcecode.swift; path = ViewController.swift; sourceTree = "<group>"; };
		92C400A82C0DC161004D3180 /* Base */ = {isa = PBXFileReference; lastKnownFileType = file.storyboard; name = Base; path = Base.lproj/Main.storyboard; sourceTree = "<group>"; };
		92C400AB2C0DC161004D3180 /* GOQii_HydrationApp.xcdatamodel */ = {isa = PBXFileReference; lastKnownFileType = wrapper.xcdatamodel; path = GOQii_HydrationApp.xcdatamodel; sourceTree = "<group>"; };
		92C400AD2C0DC163004D3180 /* Assets.xcassets */ = {isa = PBXFileReference; lastKnownFileType = folder.assetcatalog; path = Assets.xcassets; sourceTree = "<group>"; };
		92C400B02C0DC163004D3180 /* Base */ = {isa = PBXFileReference; lastKnownFileType = file.storyboard; name = Base; path = Base.lproj/LaunchScreen.storyboard; sourceTree = "<group>"; };
		92C400B22C0DC163004D3180 /* Info.plist */ = {isa = PBXFileReference; lastKnownFileType = text.plist.xml; path = Info.plist; sourceTree = "<group>"; };
		92C400B82C0DC698004D3180 /* CircularProgressBarView.swift */ = {isa = PBXFileReference; lastKnownFileType = sourcecode.swift; path = CircularProgressBarView.swift; sourceTree = "<group>"; };
		92C400BA2C0DC7CC004D3180 /* WaterLevelViewController.swift */ = {isa = PBXFileReference; lastKnownFileType = sourcecode.swift; path = WaterLevelViewController.swift; sourceTree = "<group>"; };
		92C400BC2C0DDB38004D3180 /* SettingViewController.swift */ = {isa = PBXFileReference; lastKnownFileType = sourcecode.swift; path = SettingViewController.swift; sourceTree = "<group>"; };
		92C400BE2C0DE46A004D3180 /* WaterWaveView.swift */ = {isa = PBXFileReference; fileEncoding = 4; lastKnownFileType = sourcecode.swift; path = WaterWaveView.swift; sourceTree = "<group>"; };
		92C400C02C0DE8C7004D3180 /* UIColor+Extention.swift */ = {isa = PBXFileReference; lastKnownFileType = sourcecode.swift; path = "UIColor+Extention.swift"; sourceTree = "<group>"; };
		92C400C22C0DF664004D3180 /* HistoryViewController.swift */ = {isa = PBXFileReference; lastKnownFileType = sourcecode.swift; path = HistoryViewController.swift; sourceTree = "<group>"; };
		92C400C42C0DF6F4004D3180 /* SaveData.swift */ = {isa = PBXFileReference; fileEncoding = 4; lastKnownFileType = sourcecode.swift; path = SaveData.swift; sourceTree = "<group>"; };
		92C400C62C0DF790004D3180 /* HistoryTableViewCell.swift */ = {isa = PBXFileReference; lastKnownFileType = sourcecode.swift; path = HistoryTableViewCell.swift; sourceTree = "<group>"; };
		92C400C72C0DF790004D3180 /* HistoryTableViewCell.xib */ = {isa = PBXFileReference; lastKnownFileType = file.xib; path = HistoryTableViewCell.xib; sourceTree = "<group>"; };
/* End PBXFileReference section */

/* Begin PBXFrameworksBuildPhase section */
		92C4009B2C0DC161004D3180 /* Frameworks */ = {
			isa = PBXFrameworksBuildPhase;
			buildActionMask = 2147483647;
			files = (
			);
			runOnlyForDeploymentPostprocessing = 0;
		};
/* End PBXFrameworksBuildPhase section */

/* Begin PBXGroup section */
		92C400952C0DC161004D3180 = {
			isa = PBXGroup;
			children = (
				92C400A02C0DC161004D3180 /* GOQii_HydrationApp */,
				92C4009F2C0DC161004D3180 /* Products */,
			);
			sourceTree = "<group>";
		};
		92C4009F2C0DC161004D3180 /* Products */ = {
			isa = PBXGroup;
			children = (
				92C4009E2C0DC161004D3180 /* GOQii_HydrationApp.app */,
			);
			name = Products;
			sourceTree = "<group>";
		};
		92C400A02C0DC161004D3180 /* GOQii_HydrationApp */ = {
			isa = PBXGroup;
			children = (
				925B2DF52C0E1007001E5D5E /* UserDetails+CoreDataProperties.swift */,
				925B2DF32C0E0FF2001E5D5E /* UserDetails+CoreDataClass.swift */,
				92C400A12C0DC161004D3180 /* AppDelegate.swift */,
				92C400A32C0DC161004D3180 /* SceneDelegate.swift */,
				92C400A52C0DC161004D3180 /* ViewController.swift */,
				92C400BA2C0DC7CC004D3180 /* WaterLevelViewController.swift */,
				92C400BC2C0DDB38004D3180 /* SettingViewController.swift */,
				92C400B82C0DC698004D3180 /* CircularProgressBarView.swift */,
				92C400BE2C0DE46A004D3180 /* WaterWaveView.swift */,
				92C400C22C0DF664004D3180 /* HistoryViewController.swift */,
				92C400C42C0DF6F4004D3180 /* SaveData.swift */,
				925B2DF72C0E1A6A001E5D5E /* DatabaseManager.swift */,
				92C400C02C0DE8C7004D3180 /* UIColor+Extention.swift */,
				92C400C62C0DF790004D3180 /* HistoryTableViewCell.swift */,
				92C400C72C0DF790004D3180 /* HistoryTableViewCell.xib */,
				92C400A72C0DC161004D3180 /* Main.storyboard */,
				92C400AD2C0DC163004D3180 /* Assets.xcassets */,
				92C400AF2C0DC163004D3180 /* LaunchScreen.storyboard */,
				92C400B22C0DC163004D3180 /* Info.plist */,
				92C400AA2C0DC161004D3180 /* GOQii_HydrationApp.xcdatamodeld */,
			);
			path = GOQii_HydrationApp;
			sourceTree = "<group>";
		};
/* End PBXGroup section */

/* Begin PBXNativeTarget section */
		92C4009D2C0DC161004D3180 /* GOQii_HydrationApp */ = {
			isa = PBXNativeTarget;
			buildConfigurationList = 92C400B52C0DC163004D3180 /* Build configuration list for PBXNativeTarget "GOQii_HydrationApp" */;
			buildPhases = (
				92C4009A2C0DC161004D3180 /* Sources */,
				92C4009B2C0DC161004D3180 /* Frameworks */,
				92C4009C2C0DC161004D3180 /* Resources */,
			);
			buildRules = (
			);
			dependencies = (
			);
			name = GOQii_HydrationApp;
			productName = GOQii_HydrationApp;
			productReference = 92C4009E2C0DC161004D3180 /* GOQii_HydrationApp.app */;
			productType = "com.apple.product-type.application";
		};
/* End PBXNativeTarget section */

/* Begin PBXProject section */
		92C400962C0DC161004D3180 /* Project object */ = {
			isa = PBXProject;
			attributes = {
				BuildIndependentTargetsInParallel = 1;
				LastSwiftUpdateCheck = 1540;
				LastUpgradeCheck = 1540;
				TargetAttributes = {
					92C4009D2C0DC161004D3180 = {
						CreatedOnToolsVersion = 15.4;
					};
				};
			};
			buildConfigurationList = 92C400992C0DC161004D3180 /* Build configuration list for PBXProject "GOQii_HydrationApp" */;
			compatibilityVersion = "Xcode 14.0";
			developmentRegion = en;
			hasScannedForEncodings = 0;
			knownRegions = (
				en,
				Base,
			);
			mainGroup = 92C400952C0DC161004D3180;
			productRefGroup = 92C4009F2C0DC161004D3180 /* Products */;
			projectDirPath = "";
			projectRoot = "";
			targets = (
				92C4009D2C0DC161004D3180 /* GOQii_HydrationApp */,
			);
		};
/* End PBXProject section */

/* Begin PBXResourcesBuildPhase section */
		92C4009C2C0DC161004D3180 /* Resources */ = {
			isa = PBXResourcesBuildPhase;
			buildActionMask = 2147483647;
			files = (
				92C400AE2C0DC163004D3180 /* Assets.xcassets in Resources */,
				92C400B12C0DC163004D3180 /* Base in Resources */,
				92C400C92C0DF790004D3180 /* HistoryTableViewCell.xib in Resources */,
				92C400A92C0DC161004D3180 /* Base in Resources */,
			);
			runOnlyForDeploymentPostprocessing = 0;
		};
/* End PBXResourcesBuildPhase section */

/* Begin PBXSourcesBuildPhase section */
		92C4009A2C0DC161004D3180 /* Sources */ = {
			isa = PBXSourcesBuildPhase;
			buildActionMask = 2147483647;
			files = (
				92C400A62C0DC161004D3180 /* ViewController.swift in Sources */,
				92C400A22C0DC161004D3180 /* AppDelegate.swift in Sources */,
				925B2DF82C0E1A6A001E5D5E /* DatabaseManager.swift in Sources */,
				92C400AC2C0DC161004D3180 /* GOQii_HydrationApp.xcdatamodeld in Sources */,
				925B2DF42C0E0FF2001E5D5E /* UserDetails+CoreDataClass.swift in Sources */,
				92C400C52C0DF6F4004D3180 /* SaveData.swift in Sources */,
				92C400C32C0DF664004D3180 /* HistoryViewController.swift in Sources */,
				92C400C12C0DE8C7004D3180 /* UIColor+Extention.swift in Sources */,
				92C400C82C0DF790004D3180 /* HistoryTableViewCell.swift in Sources */,
				92C400BB2C0DC7CC004D3180 /* WaterLevelViewController.swift in Sources */,
				92C400A42C0DC161004D3180 /* SceneDelegate.swift in Sources */,
				92C400BD2C0DDB38004D3180 /* SettingViewController.swift in Sources */,
				925B2DF62C0E1007001E5D5E /* UserDetails+CoreDataProperties.swift in Sources */,
				92C400B92C0DC698004D3180 /* CircularProgressBarView.swift in Sources */,
				92C400BF2C0DE46A004D3180 /* WaterWaveView.swift in Sources */,
			);
			runOnlyForDeploymentPostprocessing = 0;
		};
/* End PBXSourcesBuildPhase section */

/* Begin PBXVariantGroup section */
		92C400A72C0DC161004D3180 /* Main.storyboard */ = {
			isa = PBXVariantGroup;
			children = (
				92C400A82C0DC161004D3180 /* Base */,
			);
			name = Main.storyboard;
			sourceTree = "<group>";
		};
		92C400AF2C0DC163004D3180 /* LaunchScreen.storyboard */ = {
			isa = PBXVariantGroup;
			children = (
				92C400B02C0DC163004D3180 /* Base */,
			);
			name = LaunchScreen.storyboard;
			sourceTree = "<group>";
		};
/* End PBXVariantGroup section */

/* Begin XCBuildConfiguration section */
		92C400B32C0DC163004D3180 /* Debug */ = {
			isa = XCBuildConfiguration;
			buildSettings = {
				ALWAYS_SEARCH_USER_PATHS = NO;
				ASSETCATALOG_COMPILER_GENERATE_SWIFT_ASSET_SYMBOL_EXTENSIONS = YES;
				CLANG_ANALYZER_NONNULL = YES;
				CLANG_ANALYZER_NUMBER_OBJECT_CONVERSION = YES_AGGRESSIVE;
				CLANG_CXX_LANGUAGE_STANDARD = "gnu++20";
				CLANG_ENABLE_MODULES = YES;
				CLANG_ENABLE_OBJC_ARC = YES;
				CLANG_ENABLE_OBJC_WEAK = YES;
				CLANG_WARN_BLOCK_CAPTURE_AUTORELEASING = YES;
				CLANG_WARN_BOOL_CONVERSION = YES;
				CLANG_WARN_COMMA = YES;
				CLANG_WARN_CONSTANT_CONVERSION = YES;
				CLANG_WARN_DEPRECATED_OBJC_IMPLEMENTATIONS = YES;
				CLANG_WARN_DIRECT_OBJC_ISA_USAGE = YES_ERROR;
				CLANG_WARN_DOCUMENTATION_COMMENTS = YES;
				CLANG_WARN_EMPTY_BODY = YES;
				CLANG_WARN_ENUM_CONVERSION = YES;
				CLANG_WARN_INFINITE_RECURSION = YES;
				CLANG_WARN_INT_CONVERSION = YES;
				CLANG_WARN_NON_LITERAL_NULL_CONVERSION = YES;
				CLANG_WARN_OBJC_IMPLICIT_RETAIN_SELF = YES;
				CLANG_WARN_OBJC_LITERAL_CONVERSION = YES;
				CLANG_WARN_OBJC_ROOT_CLASS = YES_ERROR;
				CLANG_WARN_QUOTED_INCLUDE_IN_FRAMEWORK_HEADER = YES;
				CLANG_WARN_RANGE_LOOP_ANALYSIS = YES;
				CLANG_WARN_STRICT_PROTOTYPES = YES;
				CLANG_WARN_SUSPICIOUS_MOVE = YES;
				CLANG_WARN_UNGUARDED_AVAILABILITY = YES_AGGRESSIVE;
				CLANG_WARN_UNREACHABLE_CODE = YES;
				CLANG_WARN__DUPLICATE_METHOD_MATCH = YES;
				COPY_PHASE_STRIP = NO;
				DEBUG_INFORMATION_FORMAT = dwarf;
				ENABLE_STRICT_OBJC_MSGSEND = YES;
				ENABLE_TESTABILITY = YES;
				ENABLE_USER_SCRIPT_SANDBOXING = YES;
				GCC_C_LANGUAGE_STANDARD = gnu17;
				GCC_DYNAMIC_NO_PIC = NO;
				GCC_NO_COMMON_BLOCKS = YES;
				GCC_OPTIMIZATION_LEVEL = 0;
				GCC_PREPROCESSOR_DEFINITIONS = (
					"DEBUG=1",
					"$(inherited)",
				);
				GCC_WARN_64_TO_32_BIT_CONVERSION = YES;
				GCC_WARN_ABOUT_RETURN_TYPE = YES_ERROR;
				GCC_WARN_UNDECLARED_SELECTOR = YES;
				GCC_WARN_UNINITIALIZED_AUTOS = YES_AGGRESSIVE;
				GCC_WARN_UNUSED_FUNCTION = YES;
				GCC_WARN_UNUSED_VARIABLE = YES;
				IPHONEOS_DEPLOYMENT_TARGET = 17.5;
				LOCALIZATION_PREFERS_STRING_CATALOGS = YES;
				MTL_ENABLE_DEBUG_INFO = INCLUDE_SOURCE;
				MTL_FAST_MATH = YES;
				ONLY_ACTIVE_ARCH = YES;
				SDKROOT = iphoneos;
				SWIFT_ACTIVE_COMPILATION_CONDITIONS = "DEBUG $(inherited)";
				SWIFT_OPTIMIZATION_LEVEL = "-Onone";
			};
			name = Debug;
		};
		92C400B42C0DC163004D3180 /* Release */ = {
			isa = XCBuildConfiguration;
			buildSettings = {
				ALWAYS_SEARCH_USER_PATHS = NO;
				ASSETCATALOG_COMPILER_GENERATE_SWIFT_ASSET_SYMBOL_EXTENSIONS = YES;
				CLANG_ANALYZER_NONNULL = YES;
				CLANG_ANALYZER_NUMBER_OBJECT_CONVERSION = YES_AGGRESSIVE;
				CLANG_CXX_LANGUAGE_STANDARD = "gnu++20";
				CLANG_ENABLE_MODULES = YES;
				CLANG_ENABLE_OBJC_ARC = YES;
				CLANG_ENABLE_OBJC_WEAK = YES;
				CLANG_WARN_BLOCK_CAPTURE_AUTORELEASING = YES;
				CLANG_WARN_BOOL_CONVERSION = YES;
				CLANG_WARN_COMMA = YES;
				CLANG_WARN_CONSTANT_CONVERSION = YES;
				CLANG_WARN_DEPRECATED_OBJC_IMPLEMENTATIONS = YES;
				CLANG_WARN_DIRECT_OBJC_ISA_USAGE = YES_ERROR;
				CLANG_WARN_DOCUMENTATION_COMMENTS = YES;
				CLANG_WARN_EMPTY_BODY = YES;
				CLANG_WARN_ENUM_CONVERSION = YES;
				CLANG_WARN_INFINITE_RECURSION = YES;
				CLANG_WARN_INT_CONVERSION = YES;
				CLANG_WARN_NON_LITERAL_NULL_CONVERSION = YES;
				CLANG_WARN_OBJC_IMPLICIT_RETAIN_SELF = YES;
				CLANG_WARN_OBJC_LITERAL_CONVERSION = YES;
				CLANG_WARN_OBJC_ROOT_CLASS = YES_ERROR;
				CLANG_WARN_QUOTED_INCLUDE_IN_FRAMEWORK_HEADER = YES;
				CLANG_WARN_RANGE_LOOP_ANALYSIS = YES;
				CLANG_WARN_STRICT_PROTOTYPES = YES;
				CLANG_WARN_SUSPICIOUS_MOVE = YES;
				CLANG_WARN_UNGUARDED_AVAILABILITY = YES_AGGRESSIVE;
				CLANG_WARN_UNREACHABLE_CODE = YES;
				CLANG_WARN__DUPLICATE_METHOD_MATCH = YES;
				COPY_PHASE_STRIP = NO;
				DEBUG_INFORMATION_FORMAT = "dwarf-with-dsym";
				ENABLE_NS_ASSERTIONS = NO;
				ENABLE_STRICT_OBJC_MSGSEND = YES;
				ENABLE_USER_SCRIPT_SANDBOXING = YES;
				GCC_C_LANGUAGE_STANDARD = gnu17;
				GCC_NO_COMMON_BLOCKS = YES;
				GCC_WARN_64_TO_32_BIT_CONVERSION = YES;
				GCC_WARN_ABOUT_RETURN_TYPE = YES_ERROR;
				GCC_WARN_UNDECLARED_SELECTOR = YES;
				GCC_WARN_UNINITIALIZED_AUTOS = YES_AGGRESSIVE;
				GCC_WARN_UNUSED_FUNCTION = YES;
				GCC_WARN_UNUSED_VARIABLE = YES;
				IPHONEOS_DEPLOYMENT_TARGET = 17.5;
				LOCALIZATION_PREFERS_STRING_CATALOGS = YES;
				MTL_ENABLE_DEBUG_INFO = NO;
				MTL_FAST_MATH = YES;
				SDKROOT = iphoneos;
				SWIFT_COMPILATION_MODE = wholemodule;
				VALIDATE_PRODUCT = YES;
			};
			name = Release;
		};
		92C400B62C0DC163004D3180 /* Debug */ = {
			isa = XCBuildConfiguration;
			buildSettings = {
				ASSETCATALOG_COMPILER_APPICON_NAME = AppIcon;
				ASSETCATALOG_COMPILER_GLOBAL_ACCENT_COLOR_NAME = AccentColor;
				CODE_SIGN_STYLE = Automatic;
				CURRENT_PROJECT_VERSION = 1;
				GENERATE_INFOPLIST_FILE = YES;
				INFOPLIST_FILE = GOQii_HydrationApp/Info.plist;
				INFOPLIST_KEY_UIApplicationSupportsIndirectInputEvents = YES;
				INFOPLIST_KEY_UILaunchStoryboardName = LaunchScreen;
				INFOPLIST_KEY_UIMainStoryboardFile = Main;
				INFOPLIST_KEY_UISupportedInterfaceOrientations_iPad = "UIInterfaceOrientationPortrait UIInterfaceOrientationPortraitUpsideDown UIInterfaceOrientationLandscapeLeft UIInterfaceOrientationLandscapeRight";
				INFOPLIST_KEY_UISupportedInterfaceOrientations_iPhone = "UIInterfaceOrientationPortrait UIInterfaceOrientationLandscapeLeft UIInterfaceOrientationLandscapeRight";
				LD_RUNPATH_SEARCH_PATHS = (
					"$(inherited)",
					"@executable_path/Frameworks",
				);
				MARKETING_VERSION = 1.0;
				PRODUCT_BUNDLE_IDENTIFIER = "com.shraddha.GOQii-HydrationApp";
				PRODUCT_NAME = "$(TARGET_NAME)";
				SWIFT_EMIT_LOC_STRINGS = YES;
				SWIFT_VERSION = 5.0;
				TARGETED_DEVICE_FAMILY = "1,2";
			};
			name = Debug;
		};
		92C400B72C0DC163004D3180 /* Release */ = {
			isa = XCBuildConfiguration;
			buildSettings = {
				ASSETCATALOG_COMPILER_APPICON_NAME = AppIcon;
				ASSETCATALOG_COMPILER_GLOBAL_ACCENT_COLOR_NAME = AccentColor;
				CODE_SIGN_STYLE = Automatic;
				CURRENT_PROJECT_VERSION = 1;
				GENERATE_INFOPLIST_FILE = YES;
				INFOPLIST_FILE = GOQii_HydrationApp/Info.plist;
				INFOPLIST_KEY_UIApplicationSupportsIndirectInputEvents = YES;
				INFOPLIST_KEY_UILaunchStoryboardName = LaunchScreen;
				INFOPLIST_KEY_UIMainStoryboardFile = Main;
				INFOPLIST_KEY_UISupportedInterfaceOrientations_iPad = "UIInterfaceOrientationPortrait UIInterfaceOrientationPortraitUpsideDown UIInterfaceOrientationLandscapeLeft UIInterfaceOrientationLandscapeRight";
				INFOPLIST_KEY_UISupportedInterfaceOrientations_iPhone = "UIInterfaceOrientationPortrait UIInterfaceOrientationLandscapeLeft UIInterfaceOrientationLandscapeRight";
				LD_RUNPATH_SEARCH_PATHS = (
					"$(inherited)",
					"@executable_path/Frameworks",
				);
				MARKETING_VERSION = 1.0;
				PRODUCT_BUNDLE_IDENTIFIER = "com.shraddha.GOQii-HydrationApp";
				PRODUCT_NAME = "$(TARGET_NAME)";
				SWIFT_EMIT_LOC_STRINGS = YES;
				SWIFT_VERSION = 5.0;
				TARGETED_DEVICE_FAMILY = "1,2";
			};
			name = Release;
		};
/* End XCBuildConfiguration section */

/* Begin XCConfigurationList section */
		92C400992C0DC161004D3180 /* Build configuration list for PBXProject "GOQii_HydrationApp" */ = {
			isa = XCConfigurationList;
			buildConfigurations = (
				92C400B32C0DC163004D3180 /* Debug */,
				92C400B42C0DC163004D3180 /* Release */,
			);
			defaultConfigurationIsVisible = 0;
			defaultConfigurationName = Release;
		};
		92C400B52C0DC163004D3180 /* Build configuration list for PBXNativeTarget "GOQii_HydrationApp" */ = {
			isa = XCConfigurationList;
			buildConfigurations = (
				92C400B62C0DC163004D3180 /* Debug */,
				92C400B72C0DC163004D3180 /* Release */,
			);
			defaultConfigurationIsVisible = 0;
			defaultConfigurationName = Release;
		};
/* End XCConfigurationList section */

/* Begin XCVersionGroup section */
		92C400AA2C0DC161004D3180 /* GOQii_HydrationApp.xcdatamodeld */ = {
			isa = XCVersionGroup;
			children = (
				92C400AB2C0DC161004D3180 /* GOQii_HydrationApp.xcdatamodel */,
			);
			currentVersion = 92C400AB2C0DC161004D3180 /* GOQii_HydrationApp.xcdatamodel */;
			path = GOQii_HydrationApp.xcdatamodeld;
			sourceTree = "<group>";
			versionGroupType = wrapper.xcdatamodel;
		};
/* End XCVersionGroup section */
	};
	rootObject = 92C400962C0DC161004D3180 /* Project object */;
}
